
Microsoft Visual Studio Solution File, Format Version 12.00
# Visual Studio Version 16
VisualStudioVersion = 16.0.29009.5
MinimumVisualStudioVersion = 10.0.40219.1
Project("{9A19103F-16F7-4668-BE54-9A1E7A4F7556}") = "NetCoreApi", "NetCoreApi.csproj", "{4E5A3354-C3BB-41D5-8BA6-20390A76D28C}"
EndProject
Project("{9A19103F-16F7-4668-BE54-9A1E7A4F7556}") = "NetCore.Data", "..\NetCoreEF.Data\NetCoreEF.Data\NetCore.Data.csproj", "{2EC9A28E-8603-4E35-8029-C41FA94CB710}"
EndProject
Project("{FAE04EC0-301F-11D3-BF4B-00C04F79EFBC}") = "NetCore.Dominio", "..\NetCore.Dominio\NetCore.Dominio.csproj", "{693CB9E7-2C07-4462-AA45-2F2D60182AFA}"
EndProject
Global
	GlobalSection(SolutionConfigurationPlatforms) = preSolution
		Debug|Any CPU = Debug|Any CPU
		Release|Any CPU = Release|Any CPU
	EndGlobalSection
	GlobalSection(ProjectConfigurationPlatforms) = postSolution
		{4E5A3354-C3BB-41D5-8BA6-20390A76D28C}.Debug|Any CPU.ActiveCfg = Debug|Any CPU
		{4E5A3354-C3BB-41D5-8BA6-20390A76D28C}.Debug|Any CPU.Build.0 = Debug|Any CPU
		{4E5A3354-C3BB-41D5-8BA6-20390A76D28C}.Release|Any CPU.ActiveCfg = Release|Any CPU
		{4E5A3354-C3BB-41D5-8BA6-20390A76D28C}.Release|Any CPU.Build.0 = Release|Any CPU
		{2EC9A28E-8603-4E35-8029-C41FA94CB710}.Debug|Any CPU.ActiveCfg = Debug|Any CPU
		{2EC9A28E-8603-4E35-8029-C41FA94CB710}.Debug|Any CPU.Build.0 = Debug|Any CPU
		{2EC9A28E-8603-4E35-8029-C41FA94CB710}.Release|Any CPU.ActiveCfg = Release|Any CPU
		{2EC9A28E-8603-4E35-8029-C41FA94CB710}.Release|Any CPU.Build.0 = Release|Any CPU
		{693CB9E7-2C07-4462-AA45-2F2D60182AFA}.Debug|Any CPU.ActiveCfg = Debug|Any CPU
		{693CB9E7-2C07-4462-AA45-2F2D60182AFA}.Debug|Any CPU.Build.0 = Debug|Any CPU
		{693CB9E7-2C07-4462-AA45-2F2D60182AFA}.Release|Any CPU.ActiveCfg = Release|Any CPU
		{693CB9E7-2C07-4462-AA45-2F2D60182AFA}.Release|Any CPU.Build.0 = Release|Any CPU
	EndGlobalSection
	GlobalSection(SolutionProperties) = preSolution
		HideSolutionNode = FALSE
	EndGlobalSection
	GlobalSection(ExtensibilityGlobals) = postSolution
		SolutionGuid = {9CA9575D-E93E-4F53-93E2-CE9FC8EAE198}
	EndGlobalSection
EndGlobal
